lockfileVersion: '9.0'

settings:
  autoInstallPeers: true
  excludeLinksFromLockfile: false

importers:

  .:
    dependencies:
      bcrypt:
        specifier: ^6.0.0
        version: 6.0.0
      pg:
        specifier: ^8.19.0
        version: 8.20.0
      stripe:
        specifier: ^20.4.0
        version: 20.4.1
      uuid:
        specifier: ^9.0.1
        version: 9.0.1
    devDependencies:
      turbo:
        specifier: ^2.4.4
        version: 2.8.11

packages:

  bcrypt@6.0.0:
    resolution: {integrity: sha512-cU8v/EGSrnH+HnxV2z0J7/blxH8gq7Xh2JFT6Aroax7UohdmiJJlxApMxtKfuI7z68NvvVcmR78k2LbT6efhRg==}
    engines: {node: '>= 18'}

  node-addon-api@8.6.0:
    resolution: {integrity: sha512-gBVjCaqDlRUk0EwoPNKzIr9KkS9041G/q31IBShPs1Xz6UTA+EXdZADbzqAJQrpDRq71CIMnOP5VMut3SL0z5Q==}
    engines: {node: ^18 || ^20 || >= 21}

  node-gyp-build@4.8.4:
    resolution: {integrity: sha512-LA4ZjwlnUblHVgq0oBF3Jl/6h/Nvs5fzBLwdEF4nuxnFdsfajde4WfxtJr3CaiH+F6ewcIB/q4jQ4UzPyid+CQ==}
    hasBin: true

  pg-cloudflare@1.3.0:
    resolution: {integrity: sha512-6lswVVSztmHiRtD6I8hw4qP/nDm1EJbKMRhf3HCYaqud7frGysPv7FYJ5noZQdhQtN2xJnimfMtvQq21pdbzyQ==}

  pg-connection-string@2.12.0:
    resolution: {integrity: sha512-U7qg+bpswf3Cs5xLzRqbXbQl85ng0mfSV/J0nnA31MCLgvEaAo7CIhmeyrmJpOr7o+zm0rXK+hNnT5l9RHkCkQ==}

  pg-int8@1.0.1:
    resolution: {integrity: sha512-WCtabS6t3c8SkpDBUlb1kjOs7l66xsGdKpIPZsg4wR+B3+u9UAum2odSsF9tnvxg80h4ZxLWMy4pRjOsFIqQpw==}
    engines: {node: '>=4.0.0'}

  pg-pool@3.13.0:
    resolution: {integrity: sha512-gB+R+Xud1gLFuRD/QgOIgGOBE2KCQPaPwkzBBGC9oG69pHTkhQeIuejVIk3/cnDyX39av2AxomQiyPT13WKHQA==}
    peerDependencies:
      pg: '>=8.0'

  pg-protocol@1.13.0:
    resolution: {integrity: sha512-zzdvXfS6v89r6v7OcFCHfHlyG/wvry1ALxZo4LqgUoy7W9xhBDMaqOuMiF3qEV45VqsN6rdlcehHrfDtlCPc8w==}

  pg-types@2.2.0:
    resolution: {integrity: sha512-qTAAlrEsl8s4OiEQY69wDvcMIdQN6wdz5ojQiOy6YRMuynxenON0O5oCpJI6lshc6scgAY8qvJ2On/p+CXY0GA==}
    engines: {node: '>=4'}

  pg@8.20.0:
    resolution: {integrity: sha512-ldhMxz2r8fl/6QkXnBD3CR9/xg694oT6DZQ2s6c/RI28OjtSOpxnPrUCGOBJ46RCUxcWdx3p6kw/xnDHjKvaRA==}
    engines: {node: '>= 16.0.0'}
    peerDependencies:
      pg-native: '>=3.0.1'
    peerDependenciesMeta:
      pg-native:
        optional: true

  pgpass@1.0.5:
    resolution: {integrity: sha512-FdW9r/jQZhSeohs1Z3sI1yxFQNFvMcnmfuj4WBMUTxOrAyLMaTcE1aAMBiTlbMNaXvBCQuVi0R7hd8udDSP7ug==}

  postgres-array@2.0.0:
    resolution: {integrity: sha512-VpZrUqU5A69eQyW2c5CA1jtLecCsN2U/bD6VilrFDWq5+5UIEVO7nazS3TEcHf1zuPYO/sqGvUvW62g86RXZuA==}
    engines: {node: '>=4'}

  postgres-bytea@1.0.1:
    resolution: {integrity: sha512-5+5HqXnsZPE65IJZSMkZtURARZelel2oXUEO8rH83VS/hxH5vv1uHquPg5wZs8yMAfdv971IU+kcPUczi7NVBQ==}
    engines: {node: '>=0.10.0'}

  postgres-date@1.0.7:
    resolution: {integrity: sha512-suDmjLVQg78nMK2UZ454hAG+OAW+HQPZ6n++TNDUX+L0+uUlLywnoxJKDou51Zm+zTCjrCl0Nq6J9C5hP9vK/Q==}
    engines: {node: '>=0.10.0'}

  postgres-interval@1.2.0:
    resolution: {integrity: sha512-9ZhXKM/rw350N1ovuWHbGxnGh/SNJ4cnxHiM0rxE4VN41wsg8P8zWn9hv/buK00RP4WvlOyr/RBDiptyxVbkZQ==}
    engines: {node: '>=0.10.0'}

  split2@4.2.0:
    resolution: {integrity: sha512-UcjcJOWknrNkF6PLX83qcHM6KHgVKNkV62Y8a5uYDVv9ydGQVwAHMKqHdJje1VTWpljG0WYpCDhrCdAOYH4TWg==}
    engines: {node: '>= 10.x'}

  stripe@20.4.1:
    resolution: {integrity: sha512-axCguHItc8Sxt0HC6aSkdVRPffjYPV7EQqZRb2GkIa8FzWDycE7nHJM19C6xAIynH1Qp1/BHiopSi96jGBxT0w==}
    engines: {node: '>=16'}
    peerDependencies:
      '@types/node': '>=16'
    peerDependenciesMeta:
      '@types/node':
        optional: true

  turbo-darwin-64@2.8.11:
    resolution: {integrity: sha512-XKaCWaz4OCt77oYYvGCIRpvYD4c/aNaKjRkUpv+e8rN3RZb+5Xsyew4yRO+gaHdMIUhQznXNXfHlhs+/p7lIhA==}
    cpu: [x64]
    os: [darwin]

  turbo-darwin-arm64@2.8.11:
    resolution: {integrity: sha512-VvynLHGUNvQ9k7GZjRPSsRcK4VkioTfFb7O7liAk4nHKjEcMdls7GqxzjVWgJiKz3hWmQGaP9hRa9UUnhVWCxA==}
    cpu: [arm64]
    os: [darwin]

  turbo-linux-64@2.8.11:
    resolution: {integrity: sha512-cbSn37dcm+EmkQ7DD0euy7xV7o2el4GAOr1XujvkAyKjjNvQ+6QIUeDgQcwAx3D17zPpDvfDMJY2dLQadWnkmQ==}
    cpu: [x64]
    os: [linux]

  turbo-linux-arm64@2.8.11:
    resolution: {integrity: sha512-+trymp2s2aBrhS04l6qFxcExzZ8ffndevuUB9c5RCeqsVpZeiWuGQlWNm5XjOmzoMayxRARZ5ma7yiWbGMiLqQ==}
    cpu: [arm64]
    os: [linux]

  turbo-windows-64@2.8.11:
    resolution: {integrity: sha512-3kJjFSM4yw1n9Uzmi+XkAUgCae19l/bH6RJ442xo7mnZm0tpOjo33F+FYHoSVpIWVMd0HG0LDccyafPSdylQbA==}
    cpu: [x64]
    os: [win32]

  turbo-windows-arm64@2.8.11:
    resolution: {integrity: sha512-JOM4uF2vuLsJUvibdR6X9QqdZr6BhC6Nhlrw4LKFPsXZZI/9HHLoqAiYRpE4MuzIwldCH/jVySnWXrI1SKto0g==}
    cpu: [arm64]
    os: [win32]

  turbo@2.8.11:
    resolution: {integrity: sha512-H+rwSHHPLoyPOSoHdmI1zY0zy0GGj1Dmr7SeJW+nZiWLz2nex8EJ+fkdVabxXFMNEux+aywI4Sae8EqhmnOv4A==}
    hasBin: true

  uuid@9.0.1:
    resolution: {integrity: sha512-b+1eJOlsR9K8HJpow9Ok3fiWOWSIcIzXodvv0rQjVoOVNpWMpxf1wZNpt4y9h10odCNrqnYp1OBzRktckBe3sA==}
    hasBin: true

  xtend@4.0.2:
    resolution: {integrity: sha512-LKYU1iAXJXUgAXn9URjiu+MWhyUXHsvfp7mcuYm9dSUKK0/CjtrUwFAxD82/mCWbtLsGjFIad0wIsod4zrTAEQ==}
    engines: {node: '>=0.4'}

snapshots:

  bcrypt@6.0.0:
    dependencies:
      node-addon-api: 8.6.0
      node-gyp-build: 4.8.4

  node-addon-api@8.6.0: {}

  node-gyp-build@4.8.4: {}

  pg-cloudflare@1.3.0:
    optional: true

  pg-connection-string@2.12.0: {}

  pg-int8@1.0.1: {}

  pg-pool@3.13.0(pg@8.20.0):
    dependencies:
      pg: 8.20.0

  pg-protocol@1.13.0: {}

  pg-types@2.2.0:
    dependencies:
      pg-int8: 1.0.1
      postgres-array: 2.0.0
      postgres-bytea: 1.0.1
      postgres-date: 1.0.7
      postgres-interval: 1.2.0

  pg@8.20.0:
    dependencies:
      pg-connection-string: 2.12.0
      pg-pool: 3.13.0(pg@8.20.0)
      pg-protocol: 1.13.0
      pg-types: 2.2.0
      pgpass: 1.0.5
    optionalDependencies:
      pg-cloudflare: 1.3.0

  pgpass@1.0.5:
    dependencies:
      split2: 4.2.0

  postgres-array@2.0.0: {}

  postgres-bytea@1.0.1: {}

  postgres-date@1.0.7: {}

  postgres-interval@1.2.0:
    dependencies:
      xtend: 4.0.2

  split2@4.2.0: {}

  stripe@20.4.1: {}

  turbo-darwin-64@2.8.11:
    optional: true

  turbo-darwin-arm64@2.8.11:
    optional: true

  turbo-linux-64@2.8.11:
    optional: true

  turbo-linux-arm64@2.8.11:
    optional: true

  turbo-windows-64@2.8.11:
    optional: true

  turbo-windows-arm64@2.8.11:
    optional: true

  turbo@2.8.11:
    optionalDependencies:
      turbo-darwin-64: 2.8.11
      turbo-darwin-arm64: 2.8.11
      turbo-linux-64: 2.8.11
      turbo-linux-arm64: 2.8.11
      turbo-windows-64: 2.8.11
      turbo-windows-arm64: 2.8.11

  uuid@9.0.1: {}

  xtend@4.0.2: {}
